
Microsoft Visual Studio Solution File, Format Version 12.00
# Visual Studio Version 17
VisualStudioVersion = 17.11.35431.28
MinimumVisualStudioVersion = 10.0.40219.1
Project("{FAE04EC0-301F-11D3-BF4B-00C04F79EFBC}") = "AppointmentR-API", "AppointmentR-API\AppointmentR-API.csproj", "{866BC05D-7FD0-4552-B1A0-82DFEFE6D27D}"
EndProject
Global
	GlobalSection(SolutionConfigurationPlatforms) = preSolution
		Debug|Any CPU = Debug|Any CPU
		Release|Any CPU = Release|Any CPU
	EndGlobalSection
	GlobalSection(ProjectConfigurationPlatforms) = postSolution
		{866BC05D-7FD0-4552-B1A0-82DFEFE6D27D}.Debug|Any CPU.ActiveCfg = Debug|Any CPU
		{866BC05D-7FD0-4552-B1A0-82DFEFE6D27D}.Debug|Any CPU.Build.0 = Debug|Any CPU
		{866BC05D-7FD0-4552-B1A0-82DFEFE6D27D}.Release|Any CPU.ActiveCfg = Release|Any CPU
		{866BC05D-7FD0-4552-B1A0-82DFEFE6D27D}.Release|Any CPU.Build.0 = Release|Any CPU
	EndGlobalSection
	GlobalSection(SolutionProperties) = preSolution
		HideSolutionNode = FALSE
	EndGlobalSection
	GlobalSection(ExtensibilityGlobals) = postSolution
		SolutionGuid = {83B0325A-8C95-4C06-8E61-2EF476C5F89B}
	EndGlobalSection
EndGlobal
